{
  "name": "pogh-application-framework",
  "version": "0.1.0",
  "lockfileVersion": 3,
  "requires": true,
  "packages": {
    "": {
      "name": "pogh-application-framework",
      "version": "0.1.0",
      "license": "Apache-2.0",
      "workspaces": [
        "pogh-core"
      ],
      "devDependencies": {
        "typescript": "^5.5.4"
      }
    },
    " ./pogh-core": {
      "extraneous": true
    },
    "core": {
      "name": "@poghaf/core",
      "version": "0.0.1",
      "extraneous": true,
      "license": "Apache-2.0"
    },
    "examples": {
      "version": "0.0.1",
      "extraneous": true,
      "license": "ISC",
      "devDependencies": {}
    },
    "node_modules/@pogh/core": {
      "resolved": "pogh-core",
      "link": true
    },
    "node_modules/typescript": {
      "version": "5.5.4",
      "resolved": "https://registry.npmjs.org/typescript/-/typescript-5.5.4.tgz",
      "integrity": "sha512-Mtq29sKDAEYP7aljRgtPOpTvOfbwRWlS6dPRzwjdE+C0R4brX/GUyhHSecbHMFLNBLcJIPt9nl9yG5TZ1weH+Q==",
      "bin": {
        "tsc": "bin/tsc",
        "tsserver": "bin/tsserver"
      },
      "engines": {
        "node": ">=14.17"
      }
    },
    "pogh-core": {
      "name": "@pogh/core",
      "version": "0.0.1",
      "license": "Apache-2.0",
      "dependencies": {
        "typescript": "^5.5.4"
      }
    },
    "pogh-examples": {
      "name": "@poghaf/examples",
      "version": "0.0.1",
      "extraneous": true,
      "license": "Apache-2.0",
      "dependencies": {
        "@pogh/core": "^0.0.1"
      }
    }
  }
}
